<Solution>
  <Project Path="BlobStorageFunction/BlobStorageFunction.csproj" Id="dfff6ce1-0b96-49a6-8aaa-b4139600d5da" />
  <Project Path="FileUploadFunction/FileUploadFunction.csproj" Id="1ea6b3f8-e430-4ccc-8ba2-c052fc6214cf" />
  <Project Path="MessageStoreFunction/MessageStoreFunction.csproj" Id="65ae40cb-c16b-46a2-b530-115efb772f23" />
  <Project Path="online-store-project/online-store-project.csproj" />
  <Project Path="OrderTableFunction/OrderTableFunction.csproj" Id="db6ab2d6-8402-4adb-a4b9-da3ee15af59a" />
  <Project Path="ProductTableFunction/ProductTableFunction.csproj" Id="8244206f-0909-4ce2-91ec-0472b9cdc732" />
  <Project Path="UserTableFunction/UserTableFunction.csproj" Id="3e9d81e0-40f4-4590-ab8b-0533ac1ecb37" />
</Solution>
